<?xml version="1.0" encoding="utf-8"?>
<Project ToolsVersion="4.0" xmlns="http://schemas.microsoft.com/developer/msbuild/2003">
  <ItemGroup>
    <Filter Include="Resource Files">
      <UniqueIdentifier>{67DA6AB6-F800-4c08-8B7A-83BB121AAD01}</UniqueIdentifier>
      <Extensions>rc;ico;cur;bmp;dlg;rc2;rct;bin;rgs;gif;jpg;jpeg;jpe;resx;tiff;tif;png;wav;mfcribbon-ms</Extensions>
    </Filter>
    <Filter Include="Source">
      <UniqueIdentifier>{e0f58f0a-a265-479b-a241-fb5b178ada27}</UniqueIdentifier>
    </Filter>
    <Filter Include="Source\Entities">
      <UniqueIdentifier>{c1aa6af2-e3f7-49da-8849-1c04b0a6e26c}</UniqueIdentifier>
    </Filter>
    <Filter Include="Source\Engine">
      <UniqueIdentifier>{e1147e4d-108b-4cd5-9665-a2ab97dd14c2}</UniqueIdentifier>
    </Filter>
  </ItemGroup>
  <ItemGroup>
    <ClCompile Include="EBall.cpp">
      <Filter>Source\Entities</Filter>
    </ClCompile>
    <ClCompile Include="Engine.cpp">
      <Filter>Source\Engine</Filter>
    </ClCompile>
    <ClCompile Include="EntityFactory.cpp">
      <Filter>Source\Entities</Filter>
    </ClCompile>
    <ClCompile Include="Rect2d.cpp">
      <Filter>Source\Engine</Filter>
    </ClCompile>
    <ClCompile Include="Vector2.cpp">
      <Filter>Source\Engine</Filter>
    </ClCompile>
    <ClCompile Include="xorshift.cpp">
      <Filter>Source\Engine</Filter>
    </ClCompile>
    <ClCompile Include="Brick.cpp">
      <Filter>Source\Entities</Filter>
    </ClCompile>
    <ClCompile Include="Board.cpp">
      <Filter>Source\Entities</Filter>
    </ClCompile>
    <ClCompile Include="EPaddle.cpp">
      <Filter>Source\Entities</Filter>
    </ClCompile>
    <ClCompile Include="main.cpp">
      <Filter>Source</Filter>
    </ClCompile>
    <ClCompile Include="MainScene.cpp">
      <Filter>Source</Filter>
    </ClCompile>
    <ClCompile Include="Walls.cpp">
      <Filter>Source\Entities</Filter>
    </ClCompile>
    <ClCompile Include="StartScene.cpp">
      <Filter>Source</Filter>
    </ClCompile>
    <ClCompile Include="AudioLoader.cpp">
      <Filter>Source\Engine</Filter>
    </ClCompile>
    <ClCompile Include="Graphics.cpp">
      <Filter>Source\Engine</Filter>
    </ClCompile>
    <ClCompile Include="Font.cpp">
      <Filter>Source\Engine</Filter>
    </ClCompile>
    <ClCompile Include="Text.cpp">
      <Filter>Source\Engine</Filter>
    </ClCompile>
  </ItemGroup>
  <ItemGroup>
    <ClInclude Include="EBall.h">
      <Filter>Source\Entities</Filter>
    </ClInclude>
    <ClInclude Include="Engine.h">
      <Filter>Source\Engine</Filter>
    </ClInclude>
    <ClInclude Include="Entity.h">
      <Filter>Source\Entities</Filter>
    </ClInclude>
    <ClInclude Include="EntityFactory.h">
      <Filter>Source\Entities</Filter>
    </ClInclude>
    <ClInclude Include="NotImplementedException.h">
      <Filter>Source\Engine</Filter>
    </ClInclude>
    <ClInclude Include="NotSupportedException.h">
      <Filter>Source\Engine</Filter>
    </ClInclude>
    <ClInclude Include="Rect2d.h">
      <Filter>Source\Engine</Filter>
    </ClInclude>
    <ClInclude Include="Math.h">
      <Filter>Source\Engine</Filter>
    </ClInclude>
    <ClInclude Include="Vector2.h">
      <Filter>Source\Engine</Filter>
    </ClInclude>
    <ClInclude Include="xorshift.h">
      <Filter>Source\Engine</Filter>
    </ClInclude>
    <ClInclude Include="Scene.h">
      <Filter>Source\Engine</Filter>
    </ClInclude>
    <ClInclude Include="Color.h">
      <Filter>Source\Engine</Filter>
    </ClInclude>
    <ClInclude Include="Board.h">
      <Filter>Source\Entities</Filter>
    </ClInclude>
    <ClInclude Include="Brick.h">
      <Filter>Source\Entities</Filter>
    </ClInclude>
    <ClInclude Include="EPaddle.h">
      <Filter>Source\Entities</Filter>
    </ClInclude>
    <ClInclude Include="GameConfig.h">
      <Filter>Source</Filter>
    </ClInclude>
    <ClInclude Include="MainScene.h">
      <Filter>Source</Filter>
    </ClInclude>
    <ClInclude Include="Walls.h">
      <Filter>Source\Entities</Filter>
    </ClInclude>
    <ClInclude Include="AudioLoader.h">
      <Filter>Source\Engine</Filter>
    </ClInclude>
    <ClInclude Include="Graphics.h">
      <Filter>Source\Engine</Filter>
    </ClInclude>
    <ClInclude Include="StartScene.h">
      <Filter>Source</Filter>
    </ClInclude>
    <ClInclude Include="Font.h">
      <Filter>Source\Engine</Filter>
    </ClInclude>
    <ClInclude Include="Text.h">
      <Filter>Source\Engine</Filter>
    </ClInclude>
  </ItemGroup>
  <ItemGroup>
    <Media Include="Sounds\arkbrick.wav">
      <Filter>Resource Files</Filter>
    </Media>
    <Media Include="Sounds\arkpad.wav">
      <Filter>Resource Files</Filter>
    </Media>
  </ItemGroup>
</Project>